// !$*UTF8*$!
{
	archiveVersion = 1;
	classes = {
	};
	objectVersion = 50;
	objects = {

/* Begin PBXBuildFile section */
		860F9B46248409DF00A67618 /* AppDelegate.swift in Sources */ = {isa = PBXBuildFile; fileRef = 860F9B45248409DF00A67618 /* AppDelegate.swift */; };
		860F9B48248409DF00A67618 /* SceneDelegate.swift in Sources */ = {isa = PBXBuildFile; fileRef = 860F9B47248409DF00A67618 /* SceneDelegate.swift */; };
		860F9B4A248409DF00A67618 /* SearcherViewController.swift in Sources */ = {isa = PBXBuildFile; fileRef = 860F9B49248409DF00A67618 /* SearcherViewController.swift */; };
		860F9B4D248409DF00A67618 /* Main.storyboard in Resources */ = {isa = PBXBuildFile; fileRef = 860F9B4B248409DF00A67618 /* Main.storyboard */; };
		860F9B4F248409E000A67618 /* Assets.xcassets in Resources */ = {isa = PBXBuildFile; fileRef = 860F9B4E248409E000A67618 /* Assets.xcassets */; };
		860F9B52248409E000A67618 /* LaunchScreen.storyboard in Resources */ = {isa = PBXBuildFile; fileRef = 860F9B50248409E000A67618 /* LaunchScreen.storyboard */; };
		860F9B5D248409E000A67618 /* GitHubSearcherTests.swift in Sources */ = {isa = PBXBuildFile; fileRef = 860F9B5C248409E000A67618 /* GitHubSearcherTests.swift */; };
		860F9B6B2484135600A67618 /* SearcherTableCell.swift in Sources */ = {isa = PBXBuildFile; fileRef = 860F9B6A2484135600A67618 /* SearcherTableCell.swift */; };
		860F9B6D2484214D00A67618 /* ResultTableViewController.swift in Sources */ = {isa = PBXBuildFile; fileRef = 860F9B6C2484214D00A67618 /* ResultTableViewController.swift */; };
		860F9B6F248421A700A67618 /* User.swift in Sources */ = {isa = PBXBuildFile; fileRef = 860F9B6E248421A700A67618 /* User.swift */; };
		860F9B712484260600A67618 /* UserDetailViewController.swift in Sources */ = {isa = PBXBuildFile; fileRef = 860F9B702484260600A67618 /* UserDetailViewController.swift */; };
		860F9B74248427FA00A67618 /* WebServices.swift in Sources */ = {isa = PBXBuildFile; fileRef = 860F9B72248427FA00A67618 /* WebServices.swift */; };
		860F9B75248427FA00A67618 /* QueryService.swift in Sources */ = {isa = PBXBuildFile; fileRef = 860F9B73248427FA00A67618 /* QueryService.swift */; };
		860F9B7B24843E9900A67618 /* UserDetail.swift in Sources */ = {isa = PBXBuildFile; fileRef = 860F9B7A24843E9900A67618 /* UserDetail.swift */; };
		860F9B7D2484400800A67618 /* cacheForImg-ci.swift in Sources */ = {isa = PBXBuildFile; fileRef = 860F9B7C2484400700A67618 /* cacheForImg-ci.swift */; };
		860F9B7F24844DE600A67618 /* Avatar.swift in Sources */ = {isa = PBXBuildFile; fileRef = 860F9B7E24844DE600A67618 /* Avatar.swift */; };
		8611ECF424846A4A007FCF27 /* TableCellLabel.swift in Sources */ = {isa = PBXBuildFile; fileRef = 8611ECF324846A4A007FCF27 /* TableCellLabel.swift */; };
		8611ECF62484A1D8007FCF27 /* UserDetailLabel.swift in Sources */ = {isa = PBXBuildFile; fileRef = 8611ECF52484A1D8007FCF27 /* UserDetailLabel.swift */; };
		8611ECF82484A3DC007FCF27 /* UserDetailViewModel.swift in Sources */ = {isa = PBXBuildFile; fileRef = 8611ECF72484A3DB007FCF27 /* UserDetailViewModel.swift */; };
		8611ECFA2484C58B007FCF27 /* Repo.swift in Sources */ = {isa = PBXBuildFile; fileRef = 8611ECF92484C58B007FCF27 /* Repo.swift */; };
		8611ECFC2484DBD1007FCF27 /* Constants.swift in Sources */ = {isa = PBXBuildFile; fileRef = 8611ECFB2484DBD1007FCF27 /* Constants.swift */; };
		8611ECFE2484DD53007FCF27 /* UIViewController+Error.swift in Sources */ = {isa = PBXBuildFile; fileRef = 8611ECFD2484DD53007FCF27 /* UIViewController+Error.swift */; };
/* End PBXBuildFile section */

/* Begin PBXContainerItemProxy section */
		860F9B59248409E000A67618 /* PBXContainerItemProxy */ = {
			isa = PBXContainerItemProxy;
			containerPortal = 860F9B3A248409DF00A67618 /* Project object */;
			proxyType = 1;
			remoteGlobalIDString = 860F9B41248409DF00A67618;
			remoteInfo = GitHubSearcher;
		};
/* End PBXContainerItemProxy section */

/* Begin PBXFileReference section */
		860F9B42248409DF00A67618 /* GitHubSearcher.app */ = {isa = PBXFileReference; explicitFileType = wrapper.application; includeInIndex = 0; path = GitHubSearcher.app; sourceTree = BUILT_PRODUCTS_DIR; };
		860F9B45248409DF00A67618 /* AppDelegate.swift */ = {isa = PBXFileReference; lastKnownFileType = sourcecode.swift; path = AppDelegate.swift; sourceTree = "<group>"; };
		860F9B47248409DF00A67618 /* SceneDelegate.swift */ = {isa = PBXFileReference; lastKnownFileType = sourcecode.swift; path = SceneDelegate.swift; sourceTree = "<group>"; };
		860F9B49248409DF00A67618 /* SearcherViewController.swift */ = {isa = PBXFileReference; lastKnownFileType = sourcecode.swift; path = SearcherViewController.swift; sourceTree = "<group>"; };
		860F9B4C248409DF00A67618 /* Base */ = {isa = PBXFileReference; lastKnownFileType = file.storyboard; name = Base; path = Base.lproj/Main.storyboard; sourceTree = "<group>"; };
		860F9B4E248409E000A67618 /* Assets.xcassets */ = {isa = PBXFileReference; lastKnownFileType = folder.assetcatalog; path = Assets.xcassets; sourceTree = "<group>"; };
		860F9B51248409E000A67618 /* Base */ = {isa = PBXFileReference; lastKnownFileType = file.storyboard; name = Base; path = Base.lproj/LaunchScreen.storyboard; sourceTree = "<group>"; };
		860F9B53248409E000A67618 /* Info.plist */ = {isa = PBXFileReference; lastKnownFileType = text.plist.xml; path = Info.plist; sourceTree = "<group>"; };
		860F9B58248409E000A67618 /* GitHubSearcherTests.xctest */ = {isa = PBXFileReference; explicitFileType = wrapper.cfbundle; includeInIndex = 0; path = GitHubSearcherTests.xctest; sourceTree = BUILT_PRODUCTS_DIR; };
		860F9B5C248409E000A67618 /* GitHubSearcherTests.swift */ = {isa = PBXFileReference; lastKnownFileType = sourcecode.swift; path = GitHubSearcherTests.swift; sourceTree = "<group>"; };
		860F9B5E248409E000A67618 /* Info.plist */ = {isa = PBXFileReference; lastKnownFileType = text.plist.xml; path = Info.plist; sourceTree = "<group>"; };
		860F9B6A2484135600A67618 /* SearcherTableCell.swift */ = {isa = PBXFileReference; lastKnownFileType = sourcecode.swift; path = SearcherTableCell.swift; sourceTree = "<group>"; };
		860F9B6C2484214D00A67618 /* ResultTableViewController.swift */ = {isa = PBXFileReference; lastKnownFileType = sourcecode.swift; path = ResultTableViewController.swift; sourceTree = "<group>"; };
		860F9B6E248421A700A67618 /* User.swift */ = {isa = PBXFileReference; lastKnownFileType = sourcecode.swift; path = User.swift; sourceTree = "<group>"; };
		860F9B702484260600A67618 /* UserDetailViewController.swift */ = {isa = PBXFileReference; lastKnownFileType = sourcecode.swift; path = UserDetailViewController.swift; sourceTree = "<group>"; };
		860F9B72248427FA00A67618 /* WebServices.swift */ = {isa = PBXFileReference; fileEncoding = 4; lastKnownFileType = sourcecode.swift; path = WebServices.swift; sourceTree = "<group>"; };
		860F9B73248427FA00A67618 /* QueryService.swift */ = {isa = PBXFileReference; fileEncoding = 4; lastKnownFileType = sourcecode.swift; path = QueryService.swift; sourceTree = "<group>"; };
		860F9B7A24843E9900A67618 /* UserDetail.swift */ = {isa = PBXFileReference; lastKnownFileType = sourcecode.swift; path = UserDetail.swift; sourceTree = "<group>"; };
		860F9B7C2484400700A67618 /* cacheForImg-ci.swift */ = {isa = PBXFileReference; fileEncoding = 4; lastKnownFileType = sourcecode.swift; path = "cacheForImg-ci.swift"; sourceTree = "<group>"; };
		860F9B7E24844DE600A67618 /* Avatar.swift */ = {isa = PBXFileReference; lastKnownFileType = sourcecode.swift; path = Avatar.swift; sourceTree = "<group>"; };
		8611ECF324846A4A007FCF27 /* TableCellLabel.swift */ = {isa = PBXFileReference; lastKnownFileType = sourcecode.swift; path = TableCellLabel.swift; sourceTree = "<group>"; };
		8611ECF52484A1D8007FCF27 /* UserDetailLabel.swift */ = {isa = PBXFileReference; lastKnownFileType = sourcecode.swift; path = UserDetailLabel.swift; sourceTree = "<group>"; };
		8611ECF72484A3DB007FCF27 /* UserDetailViewModel.swift */ = {isa = PBXFileReference; lastKnownFileType = sourcecode.swift; path = UserDetailViewModel.swift; sourceTree = "<group>"; };
		8611ECF92484C58B007FCF27 /* Repo.swift */ = {isa = PBXFileReference; lastKnownFileType = sourcecode.swift; path = Repo.swift; sourceTree = "<group>"; };
		8611ECFB2484DBD1007FCF27 /* Constants.swift */ = {isa = PBXFileReference; lastKnownFileType = sourcecode.swift; path = Constants.swift; sourceTree = "<group>"; };
		8611ECFD2484DD53007FCF27 /* UIViewController+Error.swift */ = {isa = PBXFileReference; fileEncoding = 4; lastKnownFileType = sourcecode.swift; path = "UIViewController+Error.swift"; sourceTree = "<group>"; };
/* End PBXFileReference section */

/* Begin PBXFrameworksBuildPhase section */
		860F9B3F248409DF00A67618 /* Frameworks */ = {
			isa = PBXFrameworksBuildPhase;
			buildActionMask = 2147483647;
			files = (
			);
			runOnlyForDeploymentPostprocessing = 0;
		};
		860F9B55248409E000A67618 /* Frameworks */ = {
			isa = PBXFrameworksBuildPhase;
			buildActionMask = 2147483647;
			files = (
			);
			runOnlyForDeploymentPostprocessing = 0;
		};
/* End PBXFrameworksBuildPhase section */

/* Begin PBXGroup section */
		860F9B39248409DF00A67618 = {
			isa = PBXGroup;
			children = (
				860F9B44248409DF00A67618 /* GitHubSearcher */,
				860F9B5B248409E000A67618 /* GitHubSearcherTests */,
				860F9B43248409DF00A67618 /* Products */,
			);
			sourceTree = "<group>";
		};
		860F9B43248409DF00A67618 /* Products */ = {
			isa = PBXGroup;
			children = (
				860F9B42248409DF00A67618 /* GitHubSearcher.app */,
				860F9B58248409E000A67618 /* GitHubSearcherTests.xctest */,
			);
			name = Products;
			sourceTree = "<group>";
		};
		860F9B44248409DF00A67618 /* GitHubSearcher */ = {
			isa = PBXGroup;
			children = (
				860F9B45248409DF00A67618 /* AppDelegate.swift */,
				860F9B47248409DF00A67618 /* SceneDelegate.swift */,
				8611ECFB2484DBD1007FCF27 /* Constants.swift */,
				860F9B6724840A1000A67618 /* Model */,
				860F9B6824840A1500A67618 /* View */,
				860F9B6924840A1A00A67618 /* ViewModel */,
				860F9B4B248409DF00A67618 /* Main.storyboard */,
				860F9B4E248409E000A67618 /* Assets.xcassets */,
				860F9B50248409E000A67618 /* LaunchScreen.storyboard */,
				860F9B53248409E000A67618 /* Info.plist */,
			);
			path = GitHubSearcher;
			sourceTree = "<group>";
		};
		860F9B5B248409E000A67618 /* GitHubSearcherTests */ = {
			isa = PBXGroup;
			children = (
				860F9B5C248409E000A67618 /* GitHubSearcherTests.swift */,
				860F9B5E248409E000A67618 /* Info.plist */,
			);
			path = GitHubSearcherTests;
			sourceTree = "<group>";
		};
		860F9B6724840A1000A67618 /* Model */ = {
			isa = PBXGroup;
			children = (
				860F9B6E248421A700A67618 /* User.swift */,
				860F9B7A24843E9900A67618 /* UserDetail.swift */,
				8611ECF92484C58B007FCF27 /* Repo.swift */,
				860F9B72248427FA00A67618 /* WebServices.swift */,
				860F9B73248427FA00A67618 /* QueryService.swift */,
				860F9B7C2484400700A67618 /* cacheForImg-ci.swift */,
				8611ECFD2484DD53007FCF27 /* UIViewController+Error.swift */,
			);
			path = Model;
			sourceTree = "<group>";
		};
		860F9B6824840A1500A67618 /* View */ = {
			isa = PBXGroup;
			children = (
				860F9B49248409DF00A67618 /* SearcherViewController.swift */,
				860F9B6C2484214D00A67618 /* ResultTableViewController.swift */,
				860F9B702484260600A67618 /* UserDetailViewController.swift */,
				860F9B6A2484135600A67618 /* SearcherTableCell.swift */,
				860F9B7E24844DE600A67618 /* Avatar.swift */,
				8611ECF324846A4A007FCF27 /* TableCellLabel.swift */,
				8611ECF52484A1D8007FCF27 /* UserDetailLabel.swift */,
			);
			path = View;
			sourceTree = "<group>";
		};
		860F9B6924840A1A00A67618 /* ViewModel */ = {
			isa = PBXGroup;
			children = (
				8611ECF72484A3DB007FCF27 /* UserDetailViewModel.swift */,
			);
			path = ViewModel;
			sourceTree = "<group>";
		};
/* End PBXGroup section */

/* Begin PBXNativeTarget section */
		860F9B41248409DF00A67618 /* GitHubSearcher */ = {
			isa = PBXNativeTarget;
			buildConfigurationList = 860F9B61248409E000A67618 /* Build configuration list for PBXNativeTarget "GitHubSearcher" */;
			buildPhases = (
				860F9B3E248409DF00A67618 /* Sources */,
				860F9B3F248409DF00A67618 /* Frameworks */,
				860F9B40248409DF00A67618 /* Resources */,
			);
			buildRules = (
			);
			dependencies = (
			);
			name = GitHubSearcher;
			productName = GitHubSearcher;
			productReference = 860F9B42248409DF00A67618 /* GitHubSearcher.app */;
			productType = "com.apple.product-type.application";
		};
		860F9B57248409E000A67618 /* GitHubSearcherTests */ = {
			isa = PBXNativeTarget;
			buildConfigurationList = 860F9B64248409E000A67618 /* Build configuration list for PBXNativeTarget "GitHubSearcherTests" */;
			buildPhases = (
				860F9B54248409E000A67618 /* Sources */,
				860F9B55248409E000A67618 /* Frameworks */,
				860F9B56248409E000A67618 /* Resources */,
			);
			buildRules = (
			);
			dependencies = (
				860F9B5A248409E000A67618 /* PBXTargetDependency */,
			);
			name = GitHubSearcherTests;
			productName = GitHubSearcherTests;
			productReference = 860F9B58248409E000A67618 /* GitHubSearcherTests.xctest */;
			productType = "com.apple.product-type.bundle.unit-test";
		};
/* End PBXNativeTarget section */

/* Begin PBXProject section */
		860F9B3A248409DF00A67618 /* Project object */ = {
			isa = PBXProject;
			attributes = {
				LastSwiftUpdateCheck = 1150;
				LastUpgradeCheck = 1150;
				ORGANIZATIONNAME = "Gavin Li";
				TargetAttributes = {
					860F9B41248409DF00A67618 = {
						CreatedOnToolsVersion = 11.5;
					};
					860F9B57248409E000A67618 = {
						CreatedOnToolsVersion = 11.5;
						TestTargetID = 860F9B41248409DF00A67618;
					};
				};
			};
			buildConfigurationList = 860F9B3D248409DF00A67618 /* Build configuration list for PBXProject "GitHubSearcher" */;
			compatibilityVersion = "Xcode 9.3";
			developmentRegion = en;
			hasScannedForEncodings = 0;
			knownRegions = (
				en,
				Base,
			);
			mainGroup = 860F9B39248409DF00A67618;
			productRefGroup = 860F9B43248409DF00A67618 /* Products */;
			projectDirPath = "";
			projectRoot = "";
			targets = (
				860F9B41248409DF00A67618 /* GitHubSearcher */,
				860F9B57248409E000A67618 /* GitHubSearcherTests */,
			);
		};
/* End PBXProject section */

/* Begin PBXResourcesBuildPhase section */
		860F9B40248409DF00A67618 /* Resources */ = {
			isa = PBXResourcesBuildPhase;
			buildActionMask = 2147483647;
			files = (
				860F9B52248409E000A67618 /* LaunchScreen.storyboard in Resources */,
				860F9B4F248409E000A67618 /* Assets.xcassets in Resources */,
				860F9B4D248409DF00A67618 /* Main.storyboard in Resources */,
			);
			runOnlyForDeploymentPostprocessing = 0;
		};
		860F9B56248409E000A67618 /* Resources */ = {
			isa = PBXResourcesBuildPhase;
			buildActionMask = 2147483647;
			files = (
			);
			runOnlyForDeploymentPostprocessing = 0;
		};
/* End PBXResourcesBuildPhase section */

/* Begin PBXSourcesBuildPhase section */
		860F9B3E248409DF00A67618 /* Sources */ = {
			isa = PBXSourcesBuildPhase;
			buildActionMask = 2147483647;
			files = (
				860F9B7D2484400800A67618 /* cacheForImg-ci.swift in Sources */,
				8611ECFC2484DBD1007FCF27 /* Constants.swift in Sources */,
				860F9B712484260600A67618 /* UserDetailViewController.swift in Sources */,
				8611ECFE2484DD53007FCF27 /* UIViewController+Error.swift in Sources */,
				860F9B7B24843E9900A67618 /* UserDetail.swift in Sources */,
				860F9B4A248409DF00A67618 /* SearcherViewController.swift in Sources */,
				8611ECF62484A1D8007FCF27 /* UserDetailLabel.swift in Sources */,
				860F9B7F24844DE600A67618 /* Avatar.swift in Sources */,
				860F9B46248409DF00A67618 /* AppDelegate.swift in Sources */,
				8611ECF424846A4A007FCF27 /* TableCellLabel.swift in Sources */,
				860F9B6F248421A700A67618 /* User.swift in Sources */,
				860F9B75248427FA00A67618 /* QueryService.swift in Sources */,
				860F9B6D2484214D00A67618 /* ResultTableViewController.swift in Sources */,
				8611ECFA2484C58B007FCF27 /* Repo.swift in Sources */,
				860F9B48248409DF00A67618 /* SceneDelegate.swift in Sources */,
				8611ECF82484A3DC007FCF27 /* UserDetailViewModel.swift in Sources */,
				860F9B74248427FA00A67618 /* WebServices.swift in Sources */,
				860F9B6B2484135600A67618 /* SearcherTableCell.swift in Sources */,
			);
			runOnlyForDeploymentPostprocessing = 0;
		};
		860F9B54248409E000A67618 /* Sources */ = {
			isa = PBXSourcesBuildPhase;
			buildActionMask = 2147483647;
			files = (
				860F9B5D248409E000A67618 /* GitHubSearcherTests.swift in Sources */,
			);
			runOnlyForDeploymentPostprocessing = 0;
		};
/* End PBXSourcesBuildPhase section */

/* Begin PBXTargetDependency section */
		860F9B5A248409E000A67618 /* PBXTargetDependency */ = {
			isa = PBXTargetDependency;
			target = 860F9B41248409DF00A67618 /* GitHubSearcher */;
			targetProxy = 860F9B59248409E000A67618 /* PBXContainerItemProxy */;
		};
/* End PBXTargetDependency section */

/* Begin PBXVariantGroup section */
		860F9B4B248409DF00A67618 /* Main.storyboard */ = {
			isa = PBXVariantGroup;
			children = (
				860F9B4C248409DF00A67618 /* Base */,
			);
			name = Main.storyboard;
			sourceTree = "<group>";
		};
		860F9B50248409E000A67618 /* LaunchScreen.storyboard */ = {
			isa = PBXVariantGroup;
			children = (
				860F9B51248409E000A67618 /* Base */,
			);
			name = LaunchScreen.storyboard;
			sourceTree = "<group>";
		};
/* End PBXVariantGroup section */

/* Begin XCBuildConfiguration section */
		860F9B5F248409E000A67618 /* Debug */ = {
			isa = XCBuildConfiguration;
			buildSettings = {
				ALWAYS_SEARCH_USER_PATHS = NO;
				CLANG_ANALYZER_NONNULL = YES;
				CLANG_ANALYZER_NUMBER_OBJECT_CONVERSION = YES_AGGRESSIVE;
				CLANG_CXX_LANGUAGE_STANDARD = "gnu++14";
				CLANG_CXX_LIBRARY = "libc++";
				CLANG_ENABLE_MODULES = YES;
				CLANG_ENABLE_OBJC_ARC = YES;
				CLANG_ENABLE_OBJC_WEAK = YES;
				CLANG_WARN_BLOCK_CAPTURE_AUTORELEASING = YES;
				CLANG_WARN_BOOL_CONVERSION = YES;
				CLANG_WARN_COMMA = YES;
				CLANG_WARN_CONSTANT_CONVERSION = YES;
				CLANG_WARN_DEPRECATED_OBJC_IMPLEMENTATIONS = YES;
				CLANG_WARN_DIRECT_OBJC_ISA_USAGE = YES_ERROR;
				CLANG_WARN_DOCUMENTATION_COMMENTS = YES;
				CLANG_WARN_EMPTY_BODY = YES;
				CLANG_WARN_ENUM_CONVERSION = YES;
				CLANG_WARN_INFINITE_RECURSION = YES;
				CLANG_WARN_INT_CONVERSION = YES;
				CLANG_WARN_NON_LITERAL_NULL_CONVERSION = YES;
				CLANG_WARN_OBJC_IMPLICIT_RETAIN_SELF = YES;
				CLANG_WARN_OBJC_LITERAL_CONVERSION = YES;
				CLANG_WARN_OBJC_ROOT_CLASS = YES_ERROR;
				CLANG_WARN_RANGE_LOOP_ANALYSIS = YES;
				CLANG_WARN_STRICT_PROTOTYPES = YES;
				CLANG_WARN_SUSPICIOUS_MOVE = YES;
				CLANG_WARN_UNGUARDED_AVAILABILITY = YES_AGGRESSIVE;
				CLANG_WARN_UNREACHABLE_CODE = YES;
				CLANG_WARN__DUPLICATE_METHOD_MATCH = YES;
				COPY_PHASE_STRIP = NO;
				DEBUG_INFORMATION_FORMAT = dwarf;
				ENABLE_STRICT_OBJC_MSGSEND = YES;
				ENABLE_TESTABILITY = YES;
				GCC_C_LANGUAGE_STANDARD = gnu11;
				GCC_DYNAMIC_NO_PIC = NO;
				GCC_NO_COMMON_BLOCKS = YES;
				GCC_OPTIMIZATION_LEVEL = 0;
				GCC_PREPROCESSOR_DEFINITIONS = (
					"DEBUG=1",
					"$(inherited)",
				);
				GCC_WARN_64_TO_32_BIT_CONVERSION = YES;
				GCC_WARN_ABOUT_RETURN_TYPE = YES_ERROR;
				GCC_WARN_UNDECLARED_SELECTOR = YES;
				GCC_WARN_UNINITIALIZED_AUTOS = YES_AGGRESSIVE;
				GCC_WARN_UNUSED_FUNCTION = YES;
				GCC_WARN_UNUSED_VARIABLE = YES;
				IPHONEOS_DEPLOYMENT_TARGET = 13.5;
				MTL_ENABLE_DEBUG_INFO = INCLUDE_SOURCE;
				MTL_FAST_MATH = YES;
				ONLY_ACTIVE_ARCH = YES;
				SDKROOT = iphoneos;
				SWIFT_ACTIVE_COMPILATION_CONDITIONS = DEBUG;
				SWIFT_OPTIMIZATION_LEVEL = "-Onone";
			};
			name = Debug;
		};
		860F9B60248409E000A67618 /* Release */ = {
			isa = XCBuildConfiguration;
			buildSettings = {
				ALWAYS_SEARCH_USER_PATHS = NO;
				CLANG_ANALYZER_NONNULL = YES;
				CLANG_ANALYZER_NUMBER_OBJECT_CONVERSION = YES_AGGRESSIVE;
				CLANG_CXX_LANGUAGE_STANDARD = "gnu++14";
				CLANG_CXX_LIBRARY = "libc++";
				CLANG_ENABLE_MODULES = YES;
				CLANG_ENABLE_OBJC_ARC = YES;
				CLANG_ENABLE_OBJC_WEAK = YES;
				CLANG_WARN_BLOCK_CAPTURE_AUTORELEASING = YES;
				CLANG_WARN_BOOL_CONVERSION = YES;
				CLANG_WARN_COMMA = YES;
				CLANG_WARN_CONSTANT_CONVERSION = YES;
				CLANG_WARN_DEPRECATED_OBJC_IMPLEMENTATIONS = YES;
				CLANG_WARN_DIRECT_OBJC_ISA_USAGE = YES_ERROR;
				CLANG_WARN_DOCUMENTATION_COMMENTS = YES;
				CLANG_WARN_EMPTY_BODY = YES;
				CLANG_WARN_ENUM_CONVERSION = YES;
				CLANG_WARN_INFINITE_RECURSION = YES;
				CLANG_WARN_INT_CONVERSION = YES;
				CLANG_WARN_NON_LITERAL_NULL_CONVERSION = YES;
				CLANG_WARN_OBJC_IMPLICIT_RETAIN_SELF = YES;
				CLANG_WARN_OBJC_LITERAL_CONVERSION = YES;
				CLANG_WARN_OBJC_ROOT_CLASS = YES_ERROR;
				CLANG_WARN_RANGE_LOOP_ANALYSIS = YES;
				CLANG_WARN_STRICT_PROTOTYPES = YES;
				CLANG_WARN_SUSPICIOUS_MOVE = YES;
				CLANG_WARN_UNGUARDED_AVAILABILITY = YES_AGGRESSIVE;
				CLANG_WARN_UNREACHABLE_CODE = YES;
				CLANG_WARN__DUPLICATE_METHOD_MATCH = YES;
				COPY_PHASE_STRIP = NO;
				DEBUG_INFORMATION_FORMAT = "dwarf-with-dsym";
				ENABLE_NS_ASSERTIONS = NO;
				ENABLE_STRICT_OBJC_MSGSEND = YES;
				GCC_C_LANGUAGE_STANDARD = gnu11;
				GCC_NO_COMMON_BLOCKS = YES;
				GCC_WARN_64_TO_32_BIT_CONVERSION = YES;
				GCC_WARN_ABOUT_RETURN_TYPE = YES_ERROR;
				GCC_WARN_UNDECLARED_SELECTOR = YES;
				GCC_WARN_UNINITIALIZED_AUTOS = YES_AGGRESSIVE;
				GCC_WARN_UNUSED_FUNCTION = YES;
				GCC_WARN_UNUSED_VARIABLE = YES;
				IPHONEOS_DEPLOYMENT_TARGET = 13.5;
				MTL_ENABLE_DEBUG_INFO = NO;
				MTL_FAST_MATH = YES;
				SDKROOT = iphoneos;
				SWIFT_COMPILATION_MODE = wholemodule;
				SWIFT_OPTIMIZATION_LEVEL = "-O";
				VALIDATE_PRODUCT = YES;
			};
			name = Release;
		};
		860F9B62248409E000A67618 /* Debug */ = {
			isa = XCBuildConfiguration;
			buildSettings = {
				ASSETCATALOG_COMPILER_APPICON_NAME = AppIcon;
				CODE_SIGN_STYLE = Automatic;
				INFOPLIST_FILE = GitHubSearcher/Info.plist;
				LD_RUNPATH_SEARCH_PATHS = (
					"$(inherited)",
					"@executable_path/Frameworks",
				);
				PRODUCT_BUNDLE_IDENTIFIER = org.gavinli.GitHubSearcher;
				PRODUCT_NAME = "$(TARGET_NAME)";
				SWIFT_VERSION = 5.0;
				TARGETED_DEVICE_FAMILY = "1,2";
			};
			name = Debug;
		};
		860F9B63248409E000A67618 /* Release */ = {
			isa = XCBuildConfiguration;
			buildSettings = {
				ASSETCATALOG_COMPILER_APPICON_NAME = AppIcon;
				CODE_SIGN_STYLE = Automatic;
				INFOPLIST_FILE = GitHubSearcher/Info.plist;
				LD_RUNPATH_SEARCH_PATHS = (
					"$(inherited)",
					"@executable_path/Frameworks",
				);
				PRODUCT_BUNDLE_IDENTIFIER = org.gavinli.GitHubSearcher;
				PRODUCT_NAME = "$(TARGET_NAME)";
				SWIFT_VERSION = 5.0;
				TARGETED_DEVICE_FAMILY = "1,2";
			};
			name = Release;
		};
		860F9B65248409E000A67618 /* Debug */ = {
			isa = XCBuildConfiguration;
			buildSettings = {
				ALWAYS_EMBED_SWIFT_STANDARD_LIBRARIES = YES;
				BUNDLE_LOADER = "$(TEST_HOST)";
				CODE_SIGN_STYLE = Automatic;
				INFOPLIST_FILE = GitHubSearcherTests/Info.plist;
				IPHONEOS_DEPLOYMENT_TARGET = 13.5;
				LD_RUNPATH_SEARCH_PATHS = (
					"$(inherited)",
					"@executable_path/Frameworks",
					"@loader_path/Frameworks",
				);
				PRODUCT_BUNDLE_IDENTIFIER = org.gavinli.GitHubSearcherTests;
				PRODUCT_NAME = "$(TARGET_NAME)";
				SWIFT_VERSION = 5.0;
				TARGETED_DEVICE_FAMILY = "1,2";
				TEST_HOST = "$(BUILT_PRODUCTS_DIR)/GitHubSearcher.app/GitHubSearcher";
			};
			name = Debug;
		};
		860F9B66248409E000A67618 /* Release */ = {
			isa = XCBuildConfiguration;
			buildSettings = {
				ALWAYS_EMBED_SWIFT_STANDARD_LIBRARIES = YES;
				BUNDLE_LOADER = "$(TEST_HOST)";
				CODE_SIGN_STYLE = Automatic;
				INFOPLIST_FILE = GitHubSearcherTests/Info.plist;
				IPHONEOS_DEPLOYMENT_TARGET = 13.5;
				LD_RUNPATH_SEARCH_PATHS = (
					"$(inherited)",
					"@executable_path/Frameworks",
					"@loader_path/Frameworks",
				);
				PRODUCT_BUNDLE_IDENTIFIER = org.gavinli.GitHubSearcherTests;
				PRODUCT_NAME = "$(TARGET_NAME)";
				SWIFT_VERSION = 5.0;
				TARGETED_DEVICE_FAMILY = "1,2";
				TEST_HOST = "$(BUILT_PRODUCTS_DIR)/GitHubSearcher.app/GitHubSearcher";
			};
			name = Release;
		};
/* End XCBuildConfiguration section */

/* Begin XCConfigurationList section */
		860F9B3D248409DF00A67618 /* Build configuration list for PBXProject "GitHubSearcher" */ = {
			isa = XCConfigurationList;
			buildConfigurations = (
				860F9B5F248409E000A67618 /* Debug */,
				860F9B60248409E000A67618 /* Release */,
			);
			defaultConfigurationIsVisible = 0;
			defaultConfigurationName = Release;
		};
		860F9B61248409E000A67618 /* Build configuration list for PBXNativeTarget "GitHubSearcher" */ = {
			isa = XCConfigurationList;
			buildConfigurations = (
				860F9B62248409E000A67618 /* Debug */,
				860F9B63248409E000A67618 /* Release */,
			);
			defaultConfigurationIsVisible = 0;
			defaultConfigurationName = Release;
		};
		860F9B64248409E000A67618 /* Build configuration list for PBXNativeTarget "GitHubSearcherTests" */ = {
			isa = XCConfigurationList;
			buildConfigurations = (
				860F9B65248409E000A67618 /* Debug */,
				860F9B66248409E000A67618 /* Release */,
			);
			defaultConfigurationIsVisible = 0;
			defaultConfigurationName = Release;
		};
/* End XCConfigurationList section */
	};
	rootObject = 860F9B3A248409DF00A67618 /* Project object */;
}
